
Microsoft Visual Studio Solution File, Format Version 12.00
# Visual Studio Version 16
VisualStudioVersion = 16.0.30804.86
MinimumVisualStudioVersion = 10.0.40219.1
Project("{FAE04EC0-301F-11D3-BF4B-00C04F79EFBC}") = "Bones", "Bones\Bones.csproj", "{B78CD145-8763-4BAD-9D85-DA2ABA3D2ECD}"
EndProject
Global
	GlobalSection(SolutionConfigurationPlatforms) = preSolution
		Debug|Any CPU = Debug|Any CPU
		Release|Any CPU = Release|Any CPU
	EndGlobalSection
	GlobalSection(ProjectConfigurationPlatforms) = postSolution
		{B78CD145-8763-4BAD-9D85-DA2ABA3D2ECD}.Debug|Any CPU.ActiveCfg = Debug|Any CPU
		{B78CD145-8763-4BAD-9D85-DA2ABA3D2ECD}.Debug|Any CPU.Build.0 = Debug|Any CPU
		{B78CD145-8763-4BAD-9D85-DA2ABA3D2ECD}.Release|Any CPU.ActiveCfg = Release|Any CPU
		{B78CD145-8763-4BAD-9D85-DA2ABA3D2ECD}.Release|Any CPU.Build.0 = Release|Any CPU
	EndGlobalSection
	GlobalSection(SolutionProperties) = preSolution
		HideSolutionNode = FALSE
	EndGlobalSection
	GlobalSection(ExtensibilityGlobals) = postSolution
		SolutionGuid = {EB4846B5-5928-4E84-ABCE-5B01EBDC3473}
	EndGlobalSection
EndGlobal
